Microsoft Visual Studio Solution File, Format Version 9.00
# Visual Studio 2005
Project("{FAE04EC0-301F-11D3-BF4B-00C04F79EFBC}") = "Com.Example.Project", "..\Com.Example.Project\Com.Example.Project.csproj", "{F88A60A8-564C-4E70-92DC-E92DBB897641}"
EndProject
Project("{FAE04EC0-301F-11D3-BF4B-00C04F79EFBC}") = "Com.Example.Project.Tests", "..\..\Tests\Com.Example.Project.Tests\Com.Example.Project.Tests.csproj", "{5AC1D006-CA56-4BE1-8250-DBEABBEA0725}"
EndProject
Global
	GlobalSection(SolutionConfigurationPlatforms) = preSolution
		Debug|Any CPU = Debug|Any CPU
		Release|Any CPU = Release|Any CPU
	EndGlobalSection
	GlobalSection(ProjectConfigurationPlatforms) = postSolution
		{F88A60A8-564C-4E70-92DC-E92DBB897641}.Debug|Any CPU.ActiveCfg = Debug|Any CPU
		{F88A60A8-564C-4E70-92DC-E92DBB897641}.Debug|Any CPU.Build.0 = Debug|Any CPU
		{F88A60A8-564C-4E70-92DC-E92DBB897641}.Release|Any CPU.ActiveCfg = Release|Any CPU
		{F88A60A8-564C-4E70-92DC-E92DBB897641}.Release|Any CPU.Build.0 = Release|Any CPU
		{5AC1D006-CA56-4BE1-8250-DBEABBEA0725}.Debug|Any CPU.ActiveCfg = Debug|Any CPU
		{5AC1D006-CA56-4BE1-8250-DBEABBEA0725}.Debug|Any CPU.Build.0 = Debug|Any CPU
		{5AC1D006-CA56-4BE1-8250-DBEABBEA0725}.Release|Any CPU.ActiveCfg = Release|Any CPU
		{5AC1D006-CA56-4BE1-8250-DBEABBEA0725}.Release|Any CPU.Build.0 = Release|Any CPU
	EndGlobalSection
	GlobalSection(SolutionProperties) = preSolution
		HideSolutionNode = FALSE
	EndGlobalSection
EndGlobal
